# novo.lock — auto-generated by novo pkg, do not edit

[http-codec-nv]
source = "registry"
url = "https://registry.novo-lang.org"
req = "^0.1.0"
version = "0.1.0"
hash = "4265f9e51f7897955af1809e2ccf5a75f22c217b18f7d77bca9919d5d2a5b45c"

[prompt-nv]
source = "registry"
url = "https://registry.novo-lang.org"
req = "^0.0.2"
version = "0.0.2"
hash = "d68bf926ed51256f87b0cd7bbd5a433ff2290e30a93c2b8c32be4fb1f107ffac"

[schema-nv]
source = "registry"
url = "https://registry.novo-lang.org"
req = "^0.1.0"
version = "0.1.0"
hash = "fb511ebb5b75f00a200a72ab3fbc11ea72e7c56dbe918adcb9a54065763ba0eb"

[tokenizers-nv]
source = "registry"
url = "https://registry.novo-lang.org"
req = "^0.0.2"
version = "0.0.2"
hash = "c1471eb68aa5fe9bab91d4622a7692b03247a8bbac3a8679490844e411f97689"
